
Microsoft Visual Studio Solution File, Format Version 12.00
# Visual Studio 15
VisualStudioVersion = 15.0.28307.572
MinimumVisualStudioVersion = 10.0.40219.1
Project("{FAE04EC0-301F-11D3-BF4B-00C04F79EFBC}") = "CreativerseMod", "CreativerseMod\CreativerseMod.csproj", "{1DC6B69E-F149-4BF2-B22D-73C4C53C6517}"
EndProject
Global
	GlobalSection(SolutionConfigurationPlatforms) = preSolution
		Debug|Any CPU = Debug|Any CPU
		Release|Any CPU = Release|Any CPU
	EndGlobalSection
	GlobalSection(ProjectConfigurationPlatforms) = postSolution
		{1DC6B69E-F149-4BF2-B22D-73C4C53C6517}.Debug|Any CPU.ActiveCfg = Debug|Any CPU
		{1DC6B69E-F149-4BF2-B22D-73C4C53C6517}.Debug|Any CPU.Build.0 = Debug|Any CPU
		{1DC6B69E-F149-4BF2-B22D-73C4C53C6517}.Release|Any CPU.ActiveCfg = Release|Any CPU
		{1DC6B69E-F149-4BF2-B22D-73C4C53C6517}.Release|Any CPU.Build.0 = Release|Any CPU
	EndGlobalSection
	GlobalSection(SolutionProperties) = preSolution
		HideSolutionNode = FALSE
	EndGlobalSection
	GlobalSection(ExtensibilityGlobals) = postSolution
		SolutionGuid = {16E49E10-CBC5-4259-844C-0C74EDC85F1E}
	EndGlobalSection
EndGlobal
